
Microsoft Visual Studio Solution File, Format Version 12.00
# Visual Studio Version 16
VisualStudioVersion = 25.0.1704.4
MinimumVisualStudioVersion = 10.0.40219.1
Project("{FAE04EC0-301F-11D3-BF4B-00C04F79EFBC}") = "ConsoleApp", "ConsoleApp\ConsoleApp.csproj", "{21FF2DB6-BD98-40AF-9BEA-7B8A787F1B96}"
EndProject
Project("{FAE04EC0-301F-11D3-BF4B-00C04F79EFBC}") = "ChatBot", "ChatBot\ChatBot.csproj", "{CD346239-C474-4DE3-BB36-F46A17A3151C}"
EndProject
Project("{FAE04EC0-301F-11D3-BF4B-00C04F79EFBC}") = "TelegramChatBot", "TelegramChatBot\TelegramChatBot.csproj", "{C9A4C787-8B9B-4A07-8398-07C4D3DC14FB}"
EndProject
Global
	GlobalSection(SolutionConfigurationPlatforms) = preSolution
		Debug|Any CPU = Debug|Any CPU
		Release|Any CPU = Release|Any CPU
	EndGlobalSection
	GlobalSection(ProjectConfigurationPlatforms) = postSolution
		{21FF2DB6-BD98-40AF-9BEA-7B8A787F1B96}.Debug|Any CPU.ActiveCfg = Debug|Any CPU
		{21FF2DB6-BD98-40AF-9BEA-7B8A787F1B96}.Debug|Any CPU.Build.0 = Debug|Any CPU
		{21FF2DB6-BD98-40AF-9BEA-7B8A787F1B96}.Release|Any CPU.ActiveCfg = Release|Any CPU
		{21FF2DB6-BD98-40AF-9BEA-7B8A787F1B96}.Release|Any CPU.Build.0 = Release|Any CPU
		{CD346239-C474-4DE3-BB36-F46A17A3151C}.Debug|Any CPU.ActiveCfg = Debug|Any CPU
		{CD346239-C474-4DE3-BB36-F46A17A3151C}.Debug|Any CPU.Build.0 = Debug|Any CPU
		{CD346239-C474-4DE3-BB36-F46A17A3151C}.Release|Any CPU.ActiveCfg = Release|Any CPU
		{CD346239-C474-4DE3-BB36-F46A17A3151C}.Release|Any CPU.Build.0 = Release|Any CPU
		{C9A4C787-8B9B-4A07-8398-07C4D3DC14FB}.Debug|Any CPU.ActiveCfg = Debug|Any CPU
		{C9A4C787-8B9B-4A07-8398-07C4D3DC14FB}.Debug|Any CPU.Build.0 = Debug|Any CPU
		{C9A4C787-8B9B-4A07-8398-07C4D3DC14FB}.Release|Any CPU.ActiveCfg = Release|Any CPU
		{C9A4C787-8B9B-4A07-8398-07C4D3DC14FB}.Release|Any CPU.Build.0 = Release|Any CPU
	EndGlobalSection
	GlobalSection(SolutionProperties) = preSolution
		HideSolutionNode = FALSE
	EndGlobalSection
	GlobalSection(ExtensibilityGlobals) = postSolution
		SolutionGuid = {3495C439-EB99-475A-A128-8025566F58D4}
	EndGlobalSection
EndGlobal
