
Microsoft Visual Studio Solution File, Format Version 12.00
# Visual Studio Version 16
VisualStudioVersion = 25.0.1704.4
MinimumVisualStudioVersion = 10.0.40219.1
Project("{FAE04EC0-301F-11D3-BF4B-00C04F79EFBC}") = "ChatBot", "ChatBot\ChatBot.csproj", "{CD346239-C474-4DE3-BB36-F46A17A3151C}"
EndProject
Project("{FAE04EC0-301F-11D3-BF4B-00C04F79EFBC}") = "TelegramChatBot", "TelegramChatBot\TelegramChatBot.csproj", "{C9A4C787-8B9B-4A07-8398-07C4D3DC14FB}"
EndProject
Project("{FAE04EC0-301F-11D3-BF4B-00C04F79EFBC}") = "Infotainment", "Infotainment\Infotainment.csproj", "{CBF236DE-E8AF-4225-AE95-D679902432C5}"
EndProject
Project("{2150E333-8FDC-42A3-9474-1A3956D46DE8}") = "Solution Items", "Solution Items", "{2D74E41E-893C-4B75-BA12-BE281AF5DC59}"
	ProjectSection(SolutionItems) = preProject
		README.md = README.md
		WebInterface\bin\Debug\net7.0\execution_web.log = WebInterface\bin\Debug\net7.0\execution_web.log
		ConsoleApp\bin\Debug\net7.0\execution_console.log = ConsoleApp\bin\Debug\net7.0\execution_console.log
		.gitignore = .gitignore
		notes.txt = notes.txt
	EndProjectSection
EndProject
Project("{FAE04EC0-301F-11D3-BF4B-00C04F79EFBC}") = "WebInterface", "WebInterface\WebInterface.csproj", "{E97E4991-0DF3-471E-A4B9-DC3337D366ED}"
EndProject
Project("{9344BDBB-3E7F-41FC-A0DD-8665D75EE146}") = "ConsoleApp", "ConsoleApp\ConsoleApp.csproj", "{948999FF-F6D3-4012-801A-9162F8184E0B}"
EndProject
Global
	GlobalSection(SolutionConfigurationPlatforms) = preSolution
		Debug|Any CPU = Debug|Any CPU
		Release|Any CPU = Release|Any CPU
	EndGlobalSection
	GlobalSection(ProjectConfigurationPlatforms) = postSolution
		{CD346239-C474-4DE3-BB36-F46A17A3151C}.Debug|Any CPU.ActiveCfg = Debug|Any CPU
		{CD346239-C474-4DE3-BB36-F46A17A3151C}.Debug|Any CPU.Build.0 = Debug|Any CPU
		{CD346239-C474-4DE3-BB36-F46A17A3151C}.Release|Any CPU.ActiveCfg = Release|Any CPU
		{CD346239-C474-4DE3-BB36-F46A17A3151C}.Release|Any CPU.Build.0 = Release|Any CPU
		{C9A4C787-8B9B-4A07-8398-07C4D3DC14FB}.Debug|Any CPU.ActiveCfg = Debug|Any CPU
		{C9A4C787-8B9B-4A07-8398-07C4D3DC14FB}.Debug|Any CPU.Build.0 = Debug|Any CPU
		{C9A4C787-8B9B-4A07-8398-07C4D3DC14FB}.Release|Any CPU.ActiveCfg = Release|Any CPU
		{C9A4C787-8B9B-4A07-8398-07C4D3DC14FB}.Release|Any CPU.Build.0 = Release|Any CPU
		{CBF236DE-E8AF-4225-AE95-D679902432C5}.Debug|Any CPU.ActiveCfg = Debug|Any CPU
		{CBF236DE-E8AF-4225-AE95-D679902432C5}.Debug|Any CPU.Build.0 = Debug|Any CPU
		{CBF236DE-E8AF-4225-AE95-D679902432C5}.Release|Any CPU.ActiveCfg = Release|Any CPU
		{CBF236DE-E8AF-4225-AE95-D679902432C5}.Release|Any CPU.Build.0 = Release|Any CPU
		{E97E4991-0DF3-471E-A4B9-DC3337D366ED}.Debug|Any CPU.ActiveCfg = Debug|Any CPU
		{E97E4991-0DF3-471E-A4B9-DC3337D366ED}.Debug|Any CPU.Build.0 = Debug|Any CPU
		{E97E4991-0DF3-471E-A4B9-DC3337D366ED}.Release|Any CPU.ActiveCfg = Release|Any CPU
		{E97E4991-0DF3-471E-A4B9-DC3337D366ED}.Release|Any CPU.Build.0 = Release|Any CPU
		{948999FF-F6D3-4012-801A-9162F8184E0B}.Debug|Any CPU.ActiveCfg = Debug|Any CPU
		{948999FF-F6D3-4012-801A-9162F8184E0B}.Debug|Any CPU.Build.0 = Debug|Any CPU
		{948999FF-F6D3-4012-801A-9162F8184E0B}.Release|Any CPU.ActiveCfg = Release|Any CPU
		{948999FF-F6D3-4012-801A-9162F8184E0B}.Release|Any CPU.Build.0 = Release|Any CPU
	EndGlobalSection
	GlobalSection(SolutionProperties) = preSolution
		HideSolutionNode = FALSE
	EndGlobalSection
	GlobalSection(ExtensibilityGlobals) = postSolution
		SolutionGuid = {3495C439-EB99-475A-A128-8025566F58D4}
	EndGlobalSection
EndGlobal
